
Microsoft Visual Studio Solution File, Format Version 12.00
# Visual Studio Version 17
VisualStudioVersion = 17.1.32210.238
MinimumVisualStudioVersion = 10.0.40219.1
Project("{FAE04EC0-301F-11D3-BF4B-00C04F79EFBC}") = "EmployeePayrollServiceADO.NET", "EmployeePayrollServiceADO.NET.csproj", "{2B64AB5B-14F1-4779-8B7D-67008F65BCBA}"
EndProject
Global
	GlobalSection(SolutionConfigurationPlatforms) = preSolution
		Debug|Any CPU = Debug|Any CPU
		Release|Any CPU = Release|Any CPU
	EndGlobalSection
	GlobalSection(ProjectConfigurationPlatforms) = postSolution
		{2B64AB5B-14F1-4779-8B7D-67008F65BCBA}.Debug|Any CPU.ActiveCfg = Debug|Any CPU
		{2B64AB5B-14F1-4779-8B7D-67008F65BCBA}.Debug|Any CPU.Build.0 = Debug|Any CPU
		{2B64AB5B-14F1-4779-8B7D-67008F65BCBA}.Release|Any CPU.ActiveCfg = Release|Any CPU
		{2B64AB5B-14F1-4779-8B7D-67008F65BCBA}.Release|Any CPU.Build.0 = Release|Any CPU
	EndGlobalSection
	GlobalSection(SolutionProperties) = preSolution
		HideSolutionNode = FALSE
	EndGlobalSection
	GlobalSection(ExtensibilityGlobals) = postSolution
		SolutionGuid = {CFB1520B-F8B9-4A96-B98C-5A5718BB290A}
	EndGlobalSection
EndGlobal
